
Microsoft Visual Studio Solution File, Format Version 12.00
# Visual Studio Version 17
VisualStudioVersion = 17.14.35806.103
MinimumVisualStudioVersion = 10.0.40219.1
Project("{FAE04EC0-301F-11D3-BF4B-00C04F79EFBC}") = "Сoursework", "Сoursework.csproj", "{93E477F0-5D9F-4E77-BB7E-1BCA23193691}"
EndProject
Project("{FAE04EC0-301F-11D3-BF4B-00C04F79EFBC}") = "ClassLibrary", "..\ClassLibrary\ClassLibrary.csproj", "{638E5F27-6C56-4A7A-8ED7-F95997540A3A}"
EndProject
Global
	GlobalSection(SolutionConfigurationPlatforms) = preSolution
		Debug|Any CPU = Debug|Any CPU
		Release|Any CPU = Release|Any CPU
	EndGlobalSection
	GlobalSection(ProjectConfigurationPlatforms) = postSolution
		{93E477F0-5D9F-4E77-BB7E-1BCA23193691}.Debug|Any CPU.ActiveCfg = Debug|Any CPU
		{93E477F0-5D9F-4E77-BB7E-1BCA23193691}.Debug|Any CPU.Build.0 = Debug|Any CPU
		{93E477F0-5D9F-4E77-BB7E-1BCA23193691}.Release|Any CPU.ActiveCfg = Release|Any CPU
		{93E477F0-5D9F-4E77-BB7E-1BCA23193691}.Release|Any CPU.Build.0 = Release|Any CPU
		{638E5F27-6C56-4A7A-8ED7-F95997540A3A}.Debug|Any CPU.ActiveCfg = Debug|Any CPU
		{638E5F27-6C56-4A7A-8ED7-F95997540A3A}.Debug|Any CPU.Build.0 = Debug|Any CPU
		{638E5F27-6C56-4A7A-8ED7-F95997540A3A}.Release|Any CPU.ActiveCfg = Release|Any CPU
		{638E5F27-6C56-4A7A-8ED7-F95997540A3A}.Release|Any CPU.Build.0 = Release|Any CPU
	EndGlobalSection
	GlobalSection(SolutionProperties) = preSolution
		HideSolutionNode = FALSE
	EndGlobalSection
	GlobalSection(ExtensibilityGlobals) = postSolution
		SolutionGuid = {FC04230F-9F81-4283-BC8D-8DE4A18FAE41}
	EndGlobalSection
EndGlobal
